// !$*UTF8*$!
{
	archiveVersion = 1;
	classes = {
	};
	objectVersion = 55;
	objects = {

/* Begin PBXBuildFile section */
		A97CCAA12887A6770059100B /* PushTestToolApp.swift in Sources */ = {isa = PBXBuildFile; fileRef = A97CCAA02887A6770059100B /* PushTestToolApp.swift */; };
		A97CCAA32887A6770059100B /* ContentView.swift in Sources */ = {isa = PBXBuildFile; fileRef = A97CCAA22887A6770059100B /* ContentView.swift */; };
		A97CCAA52887A6780059100B /* Assets.xcassets in Resources */ = {isa = PBXBuildFile; fileRef = A97CCAA42887A6780059100B /* Assets.xcassets */; };
		A97CCAA82887A6780059100B /* Preview Assets.xcassets in Resources */ = {isa = PBXBuildFile; fileRef = A97CCAA72887A6780059100B /* Preview Assets.xcassets */; };
		A9AB306D2889314200DF62BB /* APNSwift in Frameworks */ = {isa = PBXBuildFile; productRef = A9AB306C2889314200DF62BB /* APNSwift */; };
/* End PBXBuildFile section */

/* Begin PBXFileReference section */
		A97CCA9D2887A6770059100B /* PushTestTool.app */ = {isa = PBXFileReference; explicitFileType = wrapper.application; includeInIndex = 0; path = PushTestTool.app; sourceTree = BUILT_PRODUCTS_DIR; };
		A97CCAA02887A6770059100B /* PushTestToolApp.swift */ = {isa = PBXFileReference; lastKnownFileType = sourcecode.swift; path = PushTestToolApp.swift; sourceTree = "<group>"; };
		A97CCAA22887A6770059100B /* ContentView.swift */ = {isa = PBXFileReference; lastKnownFileType = sourcecode.swift; path = ContentView.swift; sourceTree = "<group>"; };
		A97CCAA42887A6780059100B /* Assets.xcassets */ = {isa = PBXFileReference; lastKnownFileType = folder.assetcatalog; path = Assets.xcassets; sourceTree = "<group>"; };
		A97CCAA72887A6780059100B /* Preview Assets.xcassets */ = {isa = PBXFileReference; lastKnownFileType = folder.assetcatalog; path = "Preview Assets.xcassets"; sourceTree = "<group>"; };
		A97CCAA92887A6780059100B /* PushTestTool.entitlements */ = {isa = PBXFileReference; lastKnownFileType = text.plist.entitlements; path = PushTestTool.entitlements; sourceTree = "<group>"; };
/* End PBXFileReference section */

/* Begin PBXFrameworksBuildPhase section */
		A97CCA9A2887A6770059100B /* Frameworks */ = {
			isa = PBXFrameworksBuildPhase;
			buildActionMask = 2147483647;
			files = (
				A9AB306D2889314200DF62BB /* APNSwift in Frameworks */,
			);
			runOnlyForDeploymentPostprocessing = 0;
		};
/* End PBXFrameworksBuildPhase section */

/* Begin PBXGroup section */
		A97CCA942887A6770059100B = {
			isa = PBXGroup;
			children = (
				A97CCA9F2887A6770059100B /* PushTestTool */,
				A97CCA9E2887A6770059100B /* Products */,
				A9AB306B2889314200DF62BB /* Frameworks */,
			);
			sourceTree = "<group>";
		};
		A97CCA9E2887A6770059100B /* Products */ = {
			isa = PBXGroup;
			children = (
				A97CCA9D2887A6770059100B /* PushTestTool.app */,
			);
			name = Products;
			sourceTree = "<group>";
		};
		A97CCA9F2887A6770059100B /* PushTestTool */ = {
			isa = PBXGroup;
			children = (
				A97CCAA02887A6770059100B /* PushTestToolApp.swift */,
				A97CCAA22887A6770059100B /* ContentView.swift */,
				A97CCAA42887A6780059100B /* Assets.xcassets */,
				A97CCAA92887A6780059100B /* PushTestTool.entitlements */,
				A97CCAA62887A6780059100B /* Preview Content */,
			);
			path = PushTestTool;
			sourceTree = "<group>";
		};
		A97CCAA62887A6780059100B /* Preview Content */ = {
			isa = PBXGroup;
			children = (
				A97CCAA72887A6780059100B /* Preview Assets.xcassets */,
			);
			path = "Preview Content";
			sourceTree = "<group>";
		};
		A9AB306B2889314200DF62BB /* Frameworks */ = {
			isa = PBXGroup;
			children = (
			);
			name = Frameworks;
			sourceTree = "<group>";
		};
/* End PBXGroup section */

/* Begin PBXNativeTarget section */
		A97CCA9C2887A6770059100B /* PushTestTool */ = {
			isa = PBXNativeTarget;
			buildConfigurationList = A97CCAAC2887A6780059100B /* Build configuration list for PBXNativeTarget "PushTestTool" */;
			buildPhases = (
				A97CCA992887A6770059100B /* Sources */,
				A97CCA9A2887A6770059100B /* Frameworks */,
				A97CCA9B2887A6770059100B /* Resources */,
			);
			buildRules = (
			);
			dependencies = (
			);
			name = PushTestTool;
			packageProductDependencies = (
				A9AB306C2889314200DF62BB /* APNSwift */,
			);
			productName = ApnsTool;
			productReference = A97CCA9D2887A6770059100B /* PushTestTool.app */;
			productType = "com.apple.product-type.application";
		};
/* End PBXNativeTarget section */

/* Begin PBXProject section */
		A97CCA952887A6770059100B /* Project object */ = {
			isa = PBXProject;
			attributes = {
				BuildIndependentTargetsInParallel = 1;
				LastSwiftUpdateCheck = 1340;
				LastUpgradeCheck = 1340;
				TargetAttributes = {
					A97CCA9C2887A6770059100B = {
						CreatedOnToolsVersion = 13.4.1;
					};
				};
			};
			buildConfigurationList = A97CCA982887A6770059100B /* Build configuration list for PBXProject "PushTestTool" */;
			compatibilityVersion = "Xcode 13.0";
			developmentRegion = en;
			hasScannedForEncodings = 0;
			knownRegions = (
				en,
				Base,
			);
			mainGroup = A97CCA942887A6770059100B;
			packageReferences = (
				A9AB306A28892F6000DF62BB /* XCRemoteSwiftPackageReference "APNSwift" */,
			);
			productRefGroup = A97CCA9E2887A6770059100B /* Products */;
			projectDirPath = "";
			projectRoot = "";
			targets = (
				A97CCA9C2887A6770059100B /* PushTestTool */,
			);
		};
/* End PBXProject section */

/* Begin PBXResourcesBuildPhase section */
		A97CCA9B2887A6770059100B /* Resources */ = {
			isa = PBXResourcesBuildPhase;
			buildActionMask = 2147483647;
			files = (
				A97CCAA82887A6780059100B /* Preview Assets.xcassets in Resources */,
				A97CCAA52887A6780059100B /* Assets.xcassets in Resources */,
			);
			runOnlyForDeploymentPostprocessing = 0;
		};
/* End PBXResourcesBuildPhase section */

/* Begin PBXSourcesBuildPhase section */
		A97CCA992887A6770059100B /* Sources */ = {
			isa = PBXSourcesBuildPhase;
			buildActionMask = 2147483647;
			files = (
				A97CCAA32887A6770059100B /* ContentView.swift in Sources */,
				A97CCAA12887A6770059100B /* PushTestToolApp.swift in Sources */,
			);
			runOnlyForDeploymentPostprocessing = 0;
		};
/* End PBXSourcesBuildPhase section */

/* Begin XCBuildConfiguration section */
		A97CCAAA2887A6780059100B /* Debug */ = {
			isa = XCBuildConfiguration;
			buildSettings = {
				ALWAYS_SEARCH_USER_PATHS = NO;
				CLANG_ANALYZER_NONNULL = YES;
				CLANG_ANALYZER_NUMBER_OBJECT_CONVERSION = YES_AGGRESSIVE;
				CLANG_CXX_LANGUAGE_STANDARD = "gnu++17";
				CLANG_ENABLE_MODULES = YES;
				CLANG_ENABLE_OBJC_ARC = YES;
				CLANG_ENABLE_OBJC_WEAK = YES;
				CLANG_WARN_BLOCK_CAPTURE_AUTORELEASING = YES;
				CLANG_WARN_BOOL_CONVERSION = YES;
				CLANG_WARN_COMMA = YES;
				CLANG_WARN_CONSTANT_CONVERSION = YES;
				CLANG_WARN_DEPRECATED_OBJC_IMPLEMENTATIONS = YES;
				CLANG_WARN_DIRECT_OBJC_ISA_USAGE = YES_ERROR;
				CLANG_WARN_DOCUMENTATION_COMMENTS = YES;
				CLANG_WARN_EMPTY_BODY = YES;
				CLANG_WARN_ENUM_CONVERSION = YES;
				CLANG_WARN_INFINITE_RECURSION = YES;
				CLANG_WARN_INT_CONVERSION = YES;
				CLANG_WARN_NON_LITERAL_NULL_CONVERSION = YES;
				CLANG_WARN_OBJC_IMPLICIT_RETAIN_SELF = YES;
				CLANG_WARN_OBJC_LITERAL_CONVERSION = YES;
				CLANG_WARN_OBJC_ROOT_CLASS = YES_ERROR;
				CLANG_WARN_QUOTED_INCLUDE_IN_FRAMEWORK_HEADER = YES;
				CLANG_WARN_RANGE_LOOP_ANALYSIS = YES;
				CLANG_WARN_STRICT_PROTOTYPES = YES;
				CLANG_WARN_SUSPICIOUS_MOVE = YES;
				CLANG_WARN_UNGUARDED_AVAILABILITY = YES_AGGRESSIVE;
				CLANG_WARN_UNREACHABLE_CODE = YES;
				CLANG_WARN__DUPLICATE_METHOD_MATCH = YES;
				COPY_PHASE_STRIP = NO;
				DEBUG_INFORMATION_FORMAT = dwarf;
				ENABLE_STRICT_OBJC_MSGSEND = YES;
				ENABLE_TESTABILITY = YES;
				GCC_C_LANGUAGE_STANDARD = gnu11;
				GCC_DYNAMIC_NO_PIC = NO;
				GCC_NO_COMMON_BLOCKS = YES;
				GCC_OPTIMIZATION_LEVEL = 0;
				GCC_PREPROCESSOR_DEFINITIONS = (
					"DEBUG=1",
					"$(inherited)",
				);
				GCC_WARN_64_TO_32_BIT_CONVERSION = YES;
				GCC_WARN_ABOUT_RETURN_TYPE = YES_ERROR;
				GCC_WARN_UNDECLARED_SELECTOR = YES;
				GCC_WARN_UNINITIALIZED_AUTOS = YES_AGGRESSIVE;
				GCC_WARN_UNUSED_FUNCTION = YES;
				GCC_WARN_UNUSED_VARIABLE = YES;
				MACOSX_DEPLOYMENT_TARGET = 12.3;
				MTL_ENABLE_DEBUG_INFO = INCLUDE_SOURCE;
				MTL_FAST_MATH = YES;
				ONLY_ACTIVE_ARCH = YES;
				SDKROOT = macosx;
				SWIFT_ACTIVE_COMPILATION_CONDITIONS = DEBUG;
				SWIFT_OPTIMIZATION_LEVEL = "-Onone";
			};
			name = Debug;
		};
		A97CCAAB2887A6780059100B /* Release */ = {
			isa = XCBuildConfiguration;
			buildSettings = {
				ALWAYS_SEARCH_USER_PATHS = NO;
				CLANG_ANALYZER_NONNULL = YES;
				CLANG_ANALYZER_NUMBER_OBJECT_CONVERSION = YES_AGGRESSIVE;
				CLANG_CXX_LANGUAGE_STANDARD = "gnu++17";
				CLANG_ENABLE_MODULES = YES;
				CLANG_ENABLE_OBJC_ARC = YES;
				CLANG_ENABLE_OBJC_WEAK = YES;
				CLANG_WARN_BLOCK_CAPTURE_AUTORELEASING = YES;
				CLANG_WARN_BOOL_CONVERSION = YES;
				CLANG_WARN_COMMA = YES;
				CLANG_WARN_CONSTANT_CONVERSION = YES;
				CLANG_WARN_DEPRECATED_OBJC_IMPLEMENTATIONS = YES;
				CLANG_WARN_DIRECT_OBJC_ISA_USAGE = YES_ERROR;
				CLANG_WARN_DOCUMENTATION_COMMENTS = YES;
				CLANG_WARN_EMPTY_BODY = YES;
				CLANG_WARN_ENUM_CONVERSION = YES;
				CLANG_WARN_INFINITE_RECURSION = YES;
				CLANG_WARN_INT_CONVERSION = YES;
				CLANG_WARN_NON_LITERAL_NULL_CONVERSION = YES;
				CLANG_WARN_OBJC_IMPLICIT_RETAIN_SELF = YES;
				CLANG_WARN_OBJC_LITERAL_CONVERSION = YES;
				CLANG_WARN_OBJC_ROOT_CLASS = YES_ERROR;
				CLANG_WARN_QUOTED_INCLUDE_IN_FRAMEWORK_HEADER = YES;
				CLANG_WARN_RANGE_LOOP_ANALYSIS = YES;
				CLANG_WARN_STRICT_PROTOTYPES = YES;
				CLANG_WARN_SUSPICIOUS_MOVE = YES;
				CLANG_WARN_UNGUARDED_AVAILABILITY = YES_AGGRESSIVE;
				CLANG_WARN_UNREACHABLE_CODE = YES;
				CLANG_WARN__DUPLICATE_METHOD_MATCH = YES;
				COPY_PHASE_STRIP = NO;
				DEBUG_INFORMATION_FORMAT = "dwarf-with-dsym";
				ENABLE_NS_ASSERTIONS = NO;
				ENABLE_STRICT_OBJC_MSGSEND = YES;
				GCC_C_LANGUAGE_STANDARD = gnu11;
				GCC_NO_COMMON_BLOCKS = YES;
				GCC_WARN_64_TO_32_BIT_CONVERSION = YES;
				GCC_WARN_ABOUT_RETURN_TYPE = YES_ERROR;
				GCC_WARN_UNDECLARED_SELECTOR = YES;
				GCC_WARN_UNINITIALIZED_AUTOS = YES_AGGRESSIVE;
				GCC_WARN_UNUSED_FUNCTION = YES;
				GCC_WARN_UNUSED_VARIABLE = YES;
				MACOSX_DEPLOYMENT_TARGET = 12.3;
				MTL_ENABLE_DEBUG_INFO = NO;
				MTL_FAST_MATH = YES;
				SDKROOT = macosx;
				SWIFT_COMPILATION_MODE = wholemodule;
				SWIFT_OPTIMIZATION_LEVEL = "-O";
			};
			name = Release;
		};
		A97CCAAD2887A6780059100B /* Debug */ = {
			isa = XCBuildConfiguration;
			buildSettings = {
				ASSETCATALOG_COMPILER_APPICON_NAME = AppIcon;
				ASSETCATALOG_COMPILER_GLOBAL_ACCENT_COLOR_NAME = AccentColor;
				CODE_SIGN_ENTITLEMENTS = PushTestTool/PushTestTool.entitlements;
				CODE_SIGN_STYLE = Automatic;
				COMBINE_HIDPI_IMAGES = YES;
				CURRENT_PROJECT_VERSION = 1;
				DEVELOPMENT_ASSET_PATHS = "\"PushTestTool/Preview Content\"";
				DEVELOPMENT_TEAM = UUE8AE2G7Y;
				ENABLE_HARDENED_RUNTIME = YES;
				ENABLE_PREVIEWS = YES;
				GENERATE_INFOPLIST_FILE = YES;
				INFOPLIST_KEY_NSHumanReadableCopyright = "";
				LD_RUNPATH_SEARCH_PATHS = (
					"$(inherited)",
					"@executable_path/../Frameworks",
				);
				MARKETING_VERSION = 1.0;
				PRODUCT_BUNDLE_IDENTIFIER = marco.PushTestTool;
				PRODUCT_NAME = "$(TARGET_NAME)";
				SWIFT_EMIT_LOC_STRINGS = YES;
				SWIFT_VERSION = 5.0;
			};
			name = Debug;
		};
		A97CCAAE2887A6780059100B /* Release */ = {
			isa = XCBuildConfiguration;
			buildSettings = {
				ASSETCATALOG_COMPILER_APPICON_NAME = AppIcon;
				ASSETCATALOG_COMPILER_GLOBAL_ACCENT_COLOR_NAME = AccentColor;
				CODE_SIGN_ENTITLEMENTS = PushTestTool/PushTestTool.entitlements;
				CODE_SIGN_STYLE = Automatic;
				COMBINE_HIDPI_IMAGES = YES;
				CURRENT_PROJECT_VERSION = 1;
				DEVELOPMENT_ASSET_PATHS = "\"PushTestTool/Preview Content\"";
				DEVELOPMENT_TEAM = UUE8AE2G7Y;
				ENABLE_HARDENED_RUNTIME = YES;
				ENABLE_PREVIEWS = YES;
				GENERATE_INFOPLIST_FILE = YES;
				INFOPLIST_KEY_NSHumanReadableCopyright = "";
				LD_RUNPATH_SEARCH_PATHS = (
					"$(inherited)",
					"@executable_path/../Frameworks",
				);
				MARKETING_VERSION = 1.0;
				PRODUCT_BUNDLE_IDENTIFIER = marco.PushTestTool;
				PRODUCT_NAME = "$(TARGET_NAME)";
				SWIFT_EMIT_LOC_STRINGS = YES;
				SWIFT_VERSION = 5.0;
			};
			name = Release;
		};
/* End XCBuildConfiguration section */

/* Begin XCConfigurationList section */
		A97CCA982887A6770059100B /* Build configuration list for PBXProject "PushTestTool" */ = {
			isa = XCConfigurationList;
			buildConfigurations = (
				A97CCAAA2887A6780059100B /* Debug */,
				A97CCAAB2887A6780059100B /* Release */,
			);
			defaultConfigurationIsVisible = 0;
			defaultConfigurationName = Release;
		};
		A97CCAAC2887A6780059100B /* Build configuration list for PBXNativeTarget "PushTestTool" */ = {
			isa = XCConfigurationList;
			buildConfigurations = (
				A97CCAAD2887A6780059100B /* Debug */,
				A97CCAAE2887A6780059100B /* Release */,
			);
			defaultConfigurationIsVisible = 0;
			defaultConfigurationName = Release;
		};
/* End XCConfigurationList section */

/* Begin XCRemoteSwiftPackageReference section */
		A9AB306A28892F6000DF62BB /* XCRemoteSwiftPackageReference "APNSwift" */ = {
			isa = XCRemoteSwiftPackageReference;
			repositoryURL = "https://github.com/swift-server-community/APNSwift.git";
			requirement = {
				kind = exactVersion;
				version = 4.0.0;
			};
		};
/* End XCRemoteSwiftPackageReference section */

/* Begin XCSwiftPackageProductDependency section */
		A9AB306C2889314200DF62BB /* APNSwift */ = {
			isa = XCSwiftPackageProductDependency;
			package = A9AB306A28892F6000DF62BB /* XCRemoteSwiftPackageReference "APNSwift" */;
			productName = APNSwift;
		};
/* End XCSwiftPackageProductDependency section */
	};
	rootObject = A97CCA952887A6770059100B /* Project object */;
}
