{
  "pins" : [
    {
      "identity" : "apnswift",
      "kind" : "remoteSourceControl",
      "location" : "https://github.com/kylebrowning/APNSwift.git",
      "state" : {
        "revision" : "99a3c7bb5fd211009438fb386d18c94bb2f63b17",
        "version" : "4.0.0"
      }
    },
    {
      "identity" : "jwt-kit",
      "kind" : "remoteSourceControl",
      "location" : "https://github.com/vapor/jwt-kit.git",
      "state" : {
        "revision" : "6055fe8439769aa3646a3c797d573ce7305849c8",
        "version" : "4.2.0"
      }
    },
    {
      "identity" : "swift-crypto",
      "kind" : "remoteSourceControl",
      "location" : "https://github.com/apple/swift-crypto.git",
      "state" : {
        "revision" : "9680b7251cd2be22caaed8f1468bd9e8915a62fb",
        "version" : "1.1.2"
      }
    },
    {
      "identity" : "swift-log",
      "kind" : "remoteSourceControl",
      "location" : "https://github.com/apple/swift-log.git",
      "state" : {
        "revision" : "173f567a2dfec11d74588eea82cecea555bdc0bc",
        "version" : "1.4.0"
      }
    },
    {
      "identity" : "swift-nio",
      "kind" : "remoteSourceControl",
      "location" : "https://github.com/apple/swift-nio.git",
      "state" : {
        "revision" : "124119f0bb12384cef35aa041d7c3a686108722d",
        "version" : "2.40.0"
      }
    },
    {
      "identity" : "swift-nio-http2",
      "kind" : "remoteSourceControl",
      "location" : "https://github.com/apple/swift-nio-http2.git",
      "state" : {
        "revision" : "78ddbdfca10f64e4399da37c63372fd8db232152",
        "version" : "1.15.0"
      }
    },
    {
      "identity" : "swift-nio-ssl",
      "kind" : "remoteSourceControl",
      "location" : "https://github.com/apple/swift-nio-ssl.git",
      "state" : {
        "revision" : "fd5f38b0039148e76c2e863a2fc868cc39bb451b",
        "version" : "2.20.1"
      }
    }
  ],
  "version" : 2
}
